
Microsoft Visual Studio Solution File, Format Version 12.00
# Visual Studio Version 17
VisualStudioVersion = 17.3.32922.545
MinimumVisualStudioVersion = 10.0.40219.1
Project("{9A19103F-16F7-4668-BE54-9A1E7A4F7556}") = "HomeAssistant", "HomeAssistant.csproj", "{1B8F3A99-1D7C-470D-984A-FDEA02DFD3EF}"
EndProject
Global
	GlobalSection(SolutionConfigurationPlatforms) = preSolution
		Debug|x64 = Debug|x64
		Release|x64 = Release|x64
	EndGlobalSection
	GlobalSection(ProjectConfigurationPlatforms) = postSolution
		{1B8F3A99-1D7C-470D-984A-FDEA02DFD3EF}.Debug|x64.ActiveCfg = Debug|x64
		{1B8F3A99-1D7C-470D-984A-FDEA02DFD3EF}.Debug|x64.Build.0 = Debug|x64
		{1B8F3A99-1D7C-470D-984A-FDEA02DFD3EF}.Release|x64.ActiveCfg = Release|x64
		{1B8F3A99-1D7C-470D-984A-FDEA02DFD3EF}.Release|x64.Build.0 = Release|x64
	EndGlobalSection
	GlobalSection(SolutionProperties) = preSolution
		HideSolutionNode = FALSE
	EndGlobalSection
	GlobalSection(ExtensibilityGlobals) = postSolution
		SolutionGuid = {EF36AF75-FAF1-4427-9C93-B5B929095682}
	EndGlobalSection
EndGlobal
